
Microsoft Visual Studio Solution File, Format Version 12.00
# Visual Studio Version 17
VisualStudioVersion = 17.3.32929.385
MinimumVisualStudioVersion = 10.0.40219.1
Project("{FAE04EC0-301F-11D3-BF4B-00C04F79EFBC}") = "Opgave-2.8", "Opgave-2.8\Opgave-2.8.csproj", "{D1C814E1-E19F-4725-BF88-278B1C8E58DA}"
EndProject
Global
	GlobalSection(SolutionConfigurationPlatforms) = preSolution
		Debug|Any CPU = Debug|Any CPU
		Release|Any CPU = Release|Any CPU
	EndGlobalSection
	GlobalSection(ProjectConfigurationPlatforms) = postSolution
		{D1C814E1-E19F-4725-BF88-278B1C8E58DA}.Debug|Any CPU.ActiveCfg = Debug|Any CPU
		{D1C814E1-E19F-4725-BF88-278B1C8E58DA}.Debug|Any CPU.Build.0 = Debug|Any CPU
		{D1C814E1-E19F-4725-BF88-278B1C8E58DA}.Release|Any CPU.ActiveCfg = Release|Any CPU
		{D1C814E1-E19F-4725-BF88-278B1C8E58DA}.Release|Any CPU.Build.0 = Release|Any CPU
	EndGlobalSection
	GlobalSection(SolutionProperties) = preSolution
		HideSolutionNode = FALSE
	EndGlobalSection
	GlobalSection(ExtensibilityGlobals) = postSolution
		SolutionGuid = {A9527E73-B58E-4A2F-B86C-B5DB2D35DCBD}
	EndGlobalSection
EndGlobal
